
Microsoft Visual Studio Solution File, Format Version 12.00
# Visual Studio Version 17
VisualStudioVersion = 17.9.34723.18
MinimumVisualStudioVersion = 10.0.40219.1
Project("{FAE04EC0-301F-11D3-BF4B-00C04F79EFBC}") = "SocialNetwork.API", "SocialNetwork.API\SocialNetwork.API.csproj", "{3BDFB049-2BB1-460E-B1D7-02694B9CD8CF}"
EndProject
Project("{FAE04EC0-301F-11D3-BF4B-00C04F79EFBC}") = "SocialNetwork.Domain", "SocialNetwork.Domain\SocialNetwork.Domain.csproj", "{B4E1A234-2B13-4361-B9C4-2C6862CE6CB4}"
EndProject
Global
	GlobalSection(SolutionConfigurationPlatforms) = preSolution
		Debug|Any CPU = Debug|Any CPU
		Release|Any CPU = Release|Any CPU
	EndGlobalSection
	GlobalSection(ProjectConfigurationPlatforms) = postSolution
		{3BDFB049-2BB1-460E-B1D7-02694B9CD8CF}.Debug|Any CPU.ActiveCfg = Debug|Any CPU
		{3BDFB049-2BB1-460E-B1D7-02694B9CD8CF}.Debug|Any CPU.Build.0 = Debug|Any CPU
		{3BDFB049-2BB1-460E-B1D7-02694B9CD8CF}.Release|Any CPU.ActiveCfg = Release|Any CPU
		{3BDFB049-2BB1-460E-B1D7-02694B9CD8CF}.Release|Any CPU.Build.0 = Release|Any CPU
		{B4E1A234-2B13-4361-B9C4-2C6862CE6CB4}.Debug|Any CPU.ActiveCfg = Debug|Any CPU
		{B4E1A234-2B13-4361-B9C4-2C6862CE6CB4}.Debug|Any CPU.Build.0 = Debug|Any CPU
		{B4E1A234-2B13-4361-B9C4-2C6862CE6CB4}.Release|Any CPU.ActiveCfg = Release|Any CPU
		{B4E1A234-2B13-4361-B9C4-2C6862CE6CB4}.Release|Any CPU.Build.0 = Release|Any CPU
	EndGlobalSection
	GlobalSection(SolutionProperties) = preSolution
		HideSolutionNode = FALSE
	EndGlobalSection
	GlobalSection(ExtensibilityGlobals) = postSolution
		SolutionGuid = {3CAE8A04-1236-49AA-B45A-8A0ED340E31F}
	EndGlobalSection
EndGlobal
